
Microsoft Visual Studio Solution File, Format Version 12.00
# Visual Studio Version 16
VisualStudioVersion = 16.0.32228.343
MinimumVisualStudioVersion = 10.0.40219.1
Project("{FAE04EC0-301F-11D3-BF4B-00C04F79EFBC}") = "CourseApp", "CourseApp\CourseApp.csproj", "{861862AE-2F08-4145-A1C5-F50695FDF77D}"
EndProject
Project("{FAE04EC0-301F-11D3-BF4B-00C04F79EFBC}") = "Domain", "Domain\Domain.csproj", "{534475FD-4C90-49FD-B7B9-C46FBDDB260E}"
EndProject
Project("{FAE04EC0-301F-11D3-BF4B-00C04F79EFBC}") = "Repository", "Repository\Repository.csproj", "{9EA5DDF5-EB5E-4D35-824B-2B2B37A19A18}"
EndProject
Project("{FAE04EC0-301F-11D3-BF4B-00C04F79EFBC}") = "Service", "Service\Service.csproj", "{D2ECC58E-0535-4D60-833A-84BD1E1C2220}"
EndProject
Global
	GlobalSection(SolutionConfigurationPlatforms) = preSolution
		Debug|Any CPU = Debug|Any CPU
		Release|Any CPU = Release|Any CPU
	EndGlobalSection
	GlobalSection(ProjectConfigurationPlatforms) = postSolution
		{861862AE-2F08-4145-A1C5-F50695FDF77D}.Debug|Any CPU.ActiveCfg = Debug|Any CPU
		{861862AE-2F08-4145-A1C5-F50695FDF77D}.Debug|Any CPU.Build.0 = Debug|Any CPU
		{861862AE-2F08-4145-A1C5-F50695FDF77D}.Release|Any CPU.ActiveCfg = Release|Any CPU
		{861862AE-2F08-4145-A1C5-F50695FDF77D}.Release|Any CPU.Build.0 = Release|Any CPU
		{534475FD-4C90-49FD-B7B9-C46FBDDB260E}.Debug|Any CPU.ActiveCfg = Debug|Any CPU
		{534475FD-4C90-49FD-B7B9-C46FBDDB260E}.Debug|Any CPU.Build.0 = Debug|Any CPU
		{534475FD-4C90-49FD-B7B9-C46FBDDB260E}.Release|Any CPU.ActiveCfg = Release|Any CPU
		{534475FD-4C90-49FD-B7B9-C46FBDDB260E}.Release|Any CPU.Build.0 = Release|Any CPU
		{9EA5DDF5-EB5E-4D35-824B-2B2B37A19A18}.Debug|Any CPU.ActiveCfg = Debug|Any CPU
		{9EA5DDF5-EB5E-4D35-824B-2B2B37A19A18}.Debug|Any CPU.Build.0 = Debug|Any CPU
		{9EA5DDF5-EB5E-4D35-824B-2B2B37A19A18}.Release|Any CPU.ActiveCfg = Release|Any CPU
		{9EA5DDF5-EB5E-4D35-824B-2B2B37A19A18}.Release|Any CPU.Build.0 = Release|Any CPU
		{D2ECC58E-0535-4D60-833A-84BD1E1C2220}.Debug|Any CPU.ActiveCfg = Debug|Any CPU
		{D2ECC58E-0535-4D60-833A-84BD1E1C2220}.Debug|Any CPU.Build.0 = Debug|Any CPU
		{D2ECC58E-0535-4D60-833A-84BD1E1C2220}.Release|Any CPU.ActiveCfg = Release|Any CPU
		{D2ECC58E-0535-4D60-833A-84BD1E1C2220}.Release|Any CPU.Build.0 = Release|Any CPU
	EndGlobalSection
	GlobalSection(SolutionProperties) = preSolution
		HideSolutionNode = FALSE
	EndGlobalSection
	GlobalSection(ExtensibilityGlobals) = postSolution
		SolutionGuid = {7371772B-EC89-480F-9653-2678961AB0F5}
	EndGlobalSection
EndGlobal
